// !$*UTF8*$!
{
	archiveVersion = 1;
	classes = {
	};
	objectVersion = 55;
	objects = {

/* Begin PBXBuildFile section */
		4AFE0003282427F00006023B /* Assets.xcassets in Resources */ = {isa = PBXBuildFile; fileRef = 4AFE0002282427F00006023B /* Assets.xcassets */; };
		4AFE0009282427F10006023B /* WatchOSTest WatchKit Extension.appex in Embed App Extensions */ = {isa = PBXBuildFile; fileRef = 4AFE0008282427F10006023B /* WatchOSTest WatchKit Extension.appex */; settings = {ATTRIBUTES = (RemoveHeadersOnCopy, ); }; };
		4AFE000E282427F10006023B /* WatchOSTestApp.swift in Sources */ = {isa = PBXBuildFile; fileRef = 4AFE000D282427F10006023B /* WatchOSTestApp.swift */; };
		4AFE0010282427F10006023B /* ContentView.swift in Sources */ = {isa = PBXBuildFile; fileRef = 4AFE000F282427F10006023B /* ContentView.swift */; };
		4AFE0012282427F10006023B /* NotificationController.swift in Sources */ = {isa = PBXBuildFile; fileRef = 4AFE0011282427F10006023B /* NotificationController.swift */; };
		4AFE0014282427F10006023B /* NotificationView.swift in Sources */ = {isa = PBXBuildFile; fileRef = 4AFE0013282427F10006023B /* NotificationView.swift */; };
		4AFE0016282427F10006023B /* ComplicationController.swift in Sources */ = {isa = PBXBuildFile; fileRef = 4AFE0015282427F10006023B /* ComplicationController.swift */; };
		4AFE0018282427F30006023B /* Assets.xcassets in Resources */ = {isa = PBXBuildFile; fileRef = 4AFE0017282427F30006023B /* Assets.xcassets */; };
		4AFE001B282427F30006023B /* Preview Assets.xcassets in Resources */ = {isa = PBXBuildFile; fileRef = 4AFE001A282427F30006023B /* Preview Assets.xcassets */; };
		4AFEFFFE282427EE0006023B /* WatchOSTest WatchKit App.app in Embed Watch Content */ = {isa = PBXBuildFile; fileRef = 4AFEFFFD282427EE0006023B /* WatchOSTest WatchKit App.app */; settings = {ATTRIBUTES = (RemoveHeadersOnCopy, ); }; };
/* End PBXBuildFile section */

/* Begin PBXContainerItemProxy section */
		4AFE000A282427F10006023B /* PBXContainerItemProxy */ = {
			isa = PBXContainerItemProxy;
			containerPortal = 4AFEFFF3282427EE0006023B /* Project object */;
			proxyType = 1;
			remoteGlobalIDString = 4AFE0007282427F10006023B;
			remoteInfo = "WatchOSTest WatchKit Extension";
		};
		4AFEFFFF282427EE0006023B /* PBXContainerItemProxy */ = {
			isa = PBXContainerItemProxy;
			containerPortal = 4AFEFFF3282427EE0006023B /* Project object */;
			proxyType = 1;
			remoteGlobalIDString = 4AFEFFFC282427EE0006023B;
			remoteInfo = "WatchOSTest WatchKit App";
		};
/* End PBXContainerItemProxy section */

/* Begin PBXCopyFilesBuildPhase section */
		4AFE0023282427F30006023B /* Embed App Extensions */ = {
			isa = PBXCopyFilesBuildPhase;
			buildActionMask = 2147483647;
			dstPath = "";
			dstSubfolderSpec = 13;
			files = (
				4AFE0009282427F10006023B /* WatchOSTest WatchKit Extension.appex in Embed App Extensions */,
			);
			name = "Embed App Extensions";
			runOnlyForDeploymentPostprocessing = 0;
		};
		4AFE0027282427F30006023B /* Embed Watch Content */ = {
			isa = PBXCopyFilesBuildPhase;
			buildActionMask = 2147483647;
			dstPath = "$(CONTENTS_FOLDER_PATH)/Watch";
			dstSubfolderSpec = 16;
			files = (
				4AFEFFFE282427EE0006023B /* WatchOSTest WatchKit App.app in Embed Watch Content */,
			);
			name = "Embed Watch Content";
			runOnlyForDeploymentPostprocessing = 0;
		};
/* End PBXCopyFilesBuildPhase section */

/* Begin PBXFileReference section */
		4AFE0002282427F00006023B /* Assets.xcassets */ = {isa = PBXFileReference; lastKnownFileType = folder.assetcatalog; path = Assets.xcassets; sourceTree = "<group>"; };
		4AFE0008282427F10006023B /* WatchOSTest WatchKit Extension.appex */ = {isa = PBXFileReference; explicitFileType = "wrapper.app-extension"; includeInIndex = 0; path = "WatchOSTest WatchKit Extension.appex"; sourceTree = BUILT_PRODUCTS_DIR; };
		4AFE000D282427F10006023B /* WatchOSTestApp.swift */ = {isa = PBXFileReference; lastKnownFileType = sourcecode.swift; path = WatchOSTestApp.swift; sourceTree = "<group>"; };
		4AFE000F282427F10006023B /* ContentView.swift */ = {isa = PBXFileReference; lastKnownFileType = sourcecode.swift; path = ContentView.swift; sourceTree = "<group>"; };
		4AFE0011282427F10006023B /* NotificationController.swift */ = {isa = PBXFileReference; lastKnownFileType = sourcecode.swift; path = NotificationController.swift; sourceTree = "<group>"; };
		4AFE0013282427F10006023B /* NotificationView.swift */ = {isa = PBXFileReference; lastKnownFileType = sourcecode.swift; path = NotificationView.swift; sourceTree = "<group>"; };
		4AFE0015282427F10006023B /* ComplicationController.swift */ = {isa = PBXFileReference; lastKnownFileType = sourcecode.swift; path = ComplicationController.swift; sourceTree = "<group>"; };
		4AFE0017282427F30006023B /* Assets.xcassets */ = {isa = PBXFileReference; lastKnownFileType = folder.assetcatalog; path = Assets.xcassets; sourceTree = "<group>"; };
		4AFE001A282427F30006023B /* Preview Assets.xcassets */ = {isa = PBXFileReference; lastKnownFileType = folder.assetcatalog; path = "Preview Assets.xcassets"; sourceTree = "<group>"; };
		4AFE001C282427F30006023B /* Info.plist */ = {isa = PBXFileReference; lastKnownFileType = text.plist.xml; path = Info.plist; sourceTree = "<group>"; };
		4AFE001D282427F30006023B /* PushNotificationPayload.apns */ = {isa = PBXFileReference; lastKnownFileType = text; path = PushNotificationPayload.apns; sourceTree = "<group>"; };
		4AFEFFF9282427EE0006023B /* WatchOSTest.app */ = {isa = PBXFileReference; explicitFileType = wrapper.application; includeInIndex = 0; path = WatchOSTest.app; sourceTree = BUILT_PRODUCTS_DIR; };
		4AFEFFFD282427EE0006023B /* WatchOSTest WatchKit App.app */ = {isa = PBXFileReference; explicitFileType = wrapper.application; includeInIndex = 0; path = "WatchOSTest WatchKit App.app"; sourceTree = BUILT_PRODUCTS_DIR; };
/* End PBXFileReference section */

/* Begin PBXFrameworksBuildPhase section */
		4AFE0005282427F10006023B /* Frameworks */ = {
			isa = PBXFrameworksBuildPhase;
			buildActionMask = 2147483647;
			files = (
			);
			runOnlyForDeploymentPostprocessing = 0;
		};
/* End PBXFrameworksBuildPhase section */

/* Begin PBXGroup section */
		4AFE0001282427EE0006023B /* WatchOSTest WatchKit App */ = {
			isa = PBXGroup;
			children = (
				4AFE0002282427F00006023B /* Assets.xcassets */,
			);
			path = "WatchOSTest WatchKit App";
			sourceTree = "<group>";
		};
		4AFE000C282427F10006023B /* WatchOSTest WatchKit Extension */ = {
			isa = PBXGroup;
			children = (
				4AFE000D282427F10006023B /* WatchOSTestApp.swift */,
				4AFE000F282427F10006023B /* ContentView.swift */,
				4AFE0011282427F10006023B /* NotificationController.swift */,
				4AFE0013282427F10006023B /* NotificationView.swift */,
				4AFE0015282427F10006023B /* ComplicationController.swift */,
				4AFE0017282427F30006023B /* Assets.xcassets */,
				4AFE001C282427F30006023B /* Info.plist */,
				4AFE001D282427F30006023B /* PushNotificationPayload.apns */,
				4AFE0019282427F30006023B /* Preview Content */,
			);
			path = "WatchOSTest WatchKit Extension";
			sourceTree = "<group>";
		};
		4AFE0019282427F30006023B /* Preview Content */ = {
			isa = PBXGroup;
			children = (
				4AFE001A282427F30006023B /* Preview Assets.xcassets */,
			);
			path = "Preview Content";
			sourceTree = "<group>";
		};
		4AFEFFF2282427ED0006023B = {
			isa = PBXGroup;
			children = (
				4AFE0001282427EE0006023B /* WatchOSTest WatchKit App */,
				4AFE000C282427F10006023B /* WatchOSTest WatchKit Extension */,
				4AFEFFFA282427EE0006023B /* Products */,
			);
			sourceTree = "<group>";
		};
		4AFEFFFA282427EE0006023B /* Products */ = {
			isa = PBXGroup;
			children = (
				4AFEFFF9282427EE0006023B /* WatchOSTest.app */,
				4AFEFFFD282427EE0006023B /* WatchOSTest WatchKit App.app */,
				4AFE0008282427F10006023B /* WatchOSTest WatchKit Extension.appex */,
			);
			name = Products;
			sourceTree = "<group>";
		};
/* End PBXGroup section */

/* Begin PBXNativeTarget section */
		4AFE0007282427F10006023B /* WatchOSTest WatchKit Extension */ = {
			isa = PBXNativeTarget;
			buildConfigurationList = 4AFE0020282427F30006023B /* Build configuration list for PBXNativeTarget "WatchOSTest WatchKit Extension" */;
			buildPhases = (
				4AFE0004282427F10006023B /* Sources */,
				4AFE0005282427F10006023B /* Frameworks */,
				4AFE0006282427F10006023B /* Resources */,
			);
			buildRules = (
			);
			dependencies = (
			);
			name = "WatchOSTest WatchKit Extension";
			productName = "WatchOSTest WatchKit Extension";
			productReference = 4AFE0008282427F10006023B /* WatchOSTest WatchKit Extension.appex */;
			productType = "com.apple.product-type.watchkit2-extension";
		};
		4AFEFFF8282427EE0006023B /* WatchOSTest */ = {
			isa = PBXNativeTarget;
			buildConfigurationList = 4AFE0028282427F30006023B /* Build configuration list for PBXNativeTarget "WatchOSTest" */;
			buildPhases = (
				4AFEFFF7282427EE0006023B /* Resources */,
				4AFE0027282427F30006023B /* Embed Watch Content */,
			);
			buildRules = (
			);
			dependencies = (
				4AFE0000282427EE0006023B /* PBXTargetDependency */,
			);
			name = WatchOSTest;
			productName = WatchOSTest;
			productReference = 4AFEFFF9282427EE0006023B /* WatchOSTest.app */;
			productType = "com.apple.product-type.application.watchapp2-container";
		};
		4AFEFFFC282427EE0006023B /* WatchOSTest WatchKit App */ = {
			isa = PBXNativeTarget;
			buildConfigurationList = 4AFE0024282427F30006023B /* Build configuration list for PBXNativeTarget "WatchOSTest WatchKit App" */;
			buildPhases = (
				4AFEFFFB282427EE0006023B /* Resources */,
				4AFE0023282427F30006023B /* Embed App Extensions */,
			);
			buildRules = (
			);
			dependencies = (
				4AFE000B282427F10006023B /* PBXTargetDependency */,
			);
			name = "WatchOSTest WatchKit App";
			productName = "WatchOSTest WatchKit App";
			productReference = 4AFEFFFD282427EE0006023B /* WatchOSTest WatchKit App.app */;
			productType = "com.apple.product-type.application.watchapp2";
		};
/* End PBXNativeTarget section */

/* Begin PBXProject section */
		4AFEFFF3282427EE0006023B /* Project object */ = {
			isa = PBXProject;
			attributes = {
				BuildIndependentTargetsInParallel = 1;
				LastSwiftUpdateCheck = 1330;
				LastUpgradeCheck = 1330;
				TargetAttributes = {
					4AFE0007282427F10006023B = {
						CreatedOnToolsVersion = 13.3.1;
					};
					4AFEFFF8282427EE0006023B = {
						CreatedOnToolsVersion = 13.3.1;
					};
					4AFEFFFC282427EE0006023B = {
						CreatedOnToolsVersion = 13.3.1;
					};
				};
			};
			buildConfigurationList = 4AFEFFF6282427EE0006023B /* Build configuration list for PBXProject "WatchOSTest" */;
			compatibilityVersion = "Xcode 13.0";
			developmentRegion = en;
			hasScannedForEncodings = 0;
			knownRegions = (
				en,
				Base,
			);
			mainGroup = 4AFEFFF2282427ED0006023B;
			productRefGroup = 4AFEFFFA282427EE0006023B /* Products */;
			projectDirPath = "";
			projectRoot = "";
			targets = (
				4AFEFFF8282427EE0006023B /* WatchOSTest */,
				4AFEFFFC282427EE0006023B /* WatchOSTest WatchKit App */,
				4AFE0007282427F10006023B /* WatchOSTest WatchKit Extension */,
			);
		};
/* End PBXProject section */

/* Begin PBXResourcesBuildPhase section */
		4AFE0006282427F10006023B /* Resources */ = {
			isa = PBXResourcesBuildPhase;
			buildActionMask = 2147483647;
			files = (
				4AFE001B282427F30006023B /* Preview Assets.xcassets in Resources */,
				4AFE0018282427F30006023B /* Assets.xcassets in Resources */,
			);
			runOnlyForDeploymentPostprocessing = 0;
		};
		4AFEFFF7282427EE0006023B /* Resources */ = {
			isa = PBXResourcesBuildPhase;
			buildActionMask = 2147483647;
			files = (
			);
			runOnlyForDeploymentPostprocessing = 0;
		};
		4AFEFFFB282427EE0006023B /* Resources */ = {
			isa = PBXResourcesBuildPhase;
			buildActionMask = 2147483647;
			files = (
				4AFE0003282427F00006023B /* Assets.xcassets in Resources */,
			);
			runOnlyForDeploymentPostprocessing = 0;
		};
/* End PBXResourcesBuildPhase section */

/* Begin PBXSourcesBuildPhase section */
		4AFE0004282427F10006023B /* Sources */ = {
			isa = PBXSourcesBuildPhase;
			buildActionMask = 2147483647;
			files = (
				4AFE0012282427F10006023B /* NotificationController.swift in Sources */,
				4AFE0010282427F10006023B /* ContentView.swift in Sources */,
				4AFE0016282427F10006023B /* ComplicationController.swift in Sources */,
				4AFE000E282427F10006023B /* WatchOSTestApp.swift in Sources */,
				4AFE0014282427F10006023B /* NotificationView.swift in Sources */,
			);
			runOnlyForDeploymentPostprocessing = 0;
		};
/* End PBXSourcesBuildPhase section */

/* Begin PBXTargetDependency section */
		4AFE0000282427EE0006023B /* PBXTargetDependency */ = {
			isa = PBXTargetDependency;
			target = 4AFEFFFC282427EE0006023B /* WatchOSTest WatchKit App */;
			targetProxy = 4AFEFFFF282427EE0006023B /* PBXContainerItemProxy */;
		};
		4AFE000B282427F10006023B /* PBXTargetDependency */ = {
			isa = PBXTargetDependency;
			target = 4AFE0007282427F10006023B /* WatchOSTest WatchKit Extension */;
			targetProxy = 4AFE000A282427F10006023B /* PBXContainerItemProxy */;
		};
/* End PBXTargetDependency section */

/* Begin XCBuildConfiguration section */
		4AFE001E282427F30006023B /* Debug */ = {
			isa = XCBuildConfiguration;
			buildSettings = {
				ALWAYS_SEARCH_USER_PATHS = NO;
				CLANG_ANALYZER_NONNULL = YES;
				CLANG_ANALYZER_NUMBER_OBJECT_CONVERSION = YES_AGGRESSIVE;
				CLANG_CXX_LANGUAGE_STANDARD = "gnu++17";
				CLANG_ENABLE_MODULES = YES;
				CLANG_ENABLE_OBJC_ARC = YES;
				CLANG_ENABLE_OBJC_WEAK = YES;
				CLANG_WARN_BLOCK_CAPTURE_AUTORELEASING = YES;
				CLANG_WARN_BOOL_CONVERSION = YES;
				CLANG_WARN_COMMA = YES;
				CLANG_WARN_CONSTANT_CONVERSION = YES;
				CLANG_WARN_DEPRECATED_OBJC_IMPLEMENTATIONS = YES;
				CLANG_WARN_DIRECT_OBJC_ISA_USAGE = YES_ERROR;
				CLANG_WARN_DOCUMENTATION_COMMENTS = YES;
				CLANG_WARN_EMPTY_BODY = YES;
				CLANG_WARN_ENUM_CONVERSION = YES;
				CLANG_WARN_INFINITE_RECURSION = YES;
				CLANG_WARN_INT_CONVERSION = YES;
				CLANG_WARN_NON_LITERAL_NULL_CONVERSION = YES;
				CLANG_WARN_OBJC_IMPLICIT_RETAIN_SELF = YES;
				CLANG_WARN_OBJC_LITERAL_CONVERSION = YES;
				CLANG_WARN_OBJC_ROOT_CLASS = YES_ERROR;
				CLANG_WARN_QUOTED_INCLUDE_IN_FRAMEWORK_HEADER = YES;
				CLANG_WARN_RANGE_LOOP_ANALYSIS = YES;
				CLANG_WARN_STRICT_PROTOTYPES = YES;
				CLANG_WARN_SUSPICIOUS_MOVE = YES;
				CLANG_WARN_UNGUARDED_AVAILABILITY = YES_AGGRESSIVE;
				CLANG_WARN_UNREACHABLE_CODE = YES;
				CLANG_WARN__DUPLICATE_METHOD_MATCH = YES;
				COPY_PHASE_STRIP = NO;
				DEBUG_INFORMATION_FORMAT = dwarf;
				ENABLE_STRICT_OBJC_MSGSEND = YES;
				ENABLE_TESTABILITY = YES;
				GCC_C_LANGUAGE_STANDARD = gnu11;
				GCC_DYNAMIC_NO_PIC = NO;
				GCC_NO_COMMON_BLOCKS = YES;
				GCC_OPTIMIZATION_LEVEL = 0;
				GCC_PREPROCESSOR_DEFINITIONS = (
					"DEBUG=1",
					"$(inherited)",
				);
				GCC_WARN_64_TO_32_BIT_CONVERSION = YES;
				GCC_WARN_ABOUT_RETURN_TYPE = YES_ERROR;
				GCC_WARN_UNDECLARED_SELECTOR = YES;
				GCC_WARN_UNINITIALIZED_AUTOS = YES_AGGRESSIVE;
				GCC_WARN_UNUSED_FUNCTION = YES;
				GCC_WARN_UNUSED_VARIABLE = YES;
				MTL_ENABLE_DEBUG_INFO = INCLUDE_SOURCE;
				MTL_FAST_MATH = YES;
				ONLY_ACTIVE_ARCH = YES;
				SDKROOT = iphoneos;
				SWIFT_ACTIVE_COMPILATION_CONDITIONS = DEBUG;
				SWIFT_OPTIMIZATION_LEVEL = "-Onone";
			};
			name = Debug;
		};
		4AFE001F282427F30006023B /* Release */ = {
			isa = XCBuildConfiguration;
			buildSettings = {
				ALWAYS_SEARCH_USER_PATHS = NO;
				CLANG_ANALYZER_NONNULL = YES;
				CLANG_ANALYZER_NUMBER_OBJECT_CONVERSION = YES_AGGRESSIVE;
				CLANG_CXX_LANGUAGE_STANDARD = "gnu++17";
				CLANG_ENABLE_MODULES = YES;
				CLANG_ENABLE_OBJC_ARC = YES;
				CLANG_ENABLE_OBJC_WEAK = YES;
				CLANG_WARN_BLOCK_CAPTURE_AUTORELEASING = YES;
				CLANG_WARN_BOOL_CONVERSION = YES;
				CLANG_WARN_COMMA = YES;
				CLANG_WARN_CONSTANT_CONVERSION = YES;
				CLANG_WARN_DEPRECATED_OBJC_IMPLEMENTATIONS = YES;
				CLANG_WARN_DIRECT_OBJC_ISA_USAGE = YES_ERROR;
				CLANG_WARN_DOCUMENTATION_COMMENTS = YES;
				CLANG_WARN_EMPTY_BODY = YES;
				CLANG_WARN_ENUM_CONVERSION = YES;
				CLANG_WARN_INFINITE_RECURSION = YES;
				CLANG_WARN_INT_CONVERSION = YES;
				CLANG_WARN_NON_LITERAL_NULL_CONVERSION = YES;
				CLANG_WARN_OBJC_IMPLICIT_RETAIN_SELF = YES;
				CLANG_WARN_OBJC_LITERAL_CONVERSION = YES;
				CLANG_WARN_OBJC_ROOT_CLASS = YES_ERROR;
				CLANG_WARN_QUOTED_INCLUDE_IN_FRAMEWORK_HEADER = YES;
				CLANG_WARN_RANGE_LOOP_ANALYSIS = YES;
				CLANG_WARN_STRICT_PROTOTYPES = YES;
				CLANG_WARN_SUSPICIOUS_MOVE = YES;
				CLANG_WARN_UNGUARDED_AVAILABILITY = YES_AGGRESSIVE;
				CLANG_WARN_UNREACHABLE_CODE = YES;
				CLANG_WARN__DUPLICATE_METHOD_MATCH = YES;
				COPY_PHASE_STRIP = NO;
				DEBUG_INFORMATION_FORMAT = "dwarf-with-dsym";
				ENABLE_NS_ASSERTIONS = NO;
				ENABLE_STRICT_OBJC_MSGSEND = YES;
				GCC_C_LANGUAGE_STANDARD = gnu11;
				GCC_NO_COMMON_BLOCKS = YES;
				GCC_WARN_64_TO_32_BIT_CONVERSION = YES;
				GCC_WARN_ABOUT_RETURN_TYPE = YES_ERROR;
				GCC_WARN_UNDECLARED_SELECTOR = YES;
				GCC_WARN_UNINITIALIZED_AUTOS = YES_AGGRESSIVE;
				GCC_WARN_UNUSED_FUNCTION = YES;
				GCC_WARN_UNUSED_VARIABLE = YES;
				MTL_ENABLE_DEBUG_INFO = NO;
				MTL_FAST_MATH = YES;
				SDKROOT = iphoneos;
				SWIFT_COMPILATION_MODE = wholemodule;
				SWIFT_OPTIMIZATION_LEVEL = "-O";
				VALIDATE_PRODUCT = YES;
			};
			name = Release;
		};
		4AFE0021282427F30006023B /* Debug */ = {
			isa = XCBuildConfiguration;
			buildSettings = {
				ASSETCATALOG_COMPILER_COMPLICATION_NAME = Complication;
				CODE_SIGN_STYLE = Automatic;
				CURRENT_PROJECT_VERSION = 1;
				DEVELOPMENT_ASSET_PATHS = "\"WatchOSTest WatchKit Extension/Preview Content\"";
				DEVELOPMENT_TEAM = L8QA2F2KYK;
				ENABLE_PREVIEWS = YES;
				GENERATE_INFOPLIST_FILE = YES;
				INFOPLIST_FILE = "WatchOSTest WatchKit Extension/Info.plist";
				INFOPLIST_KEY_CFBundleDisplayName = "WatchOSTest WatchKit Extension";
				INFOPLIST_KEY_CLKComplicationPrincipalClass = "$(PRODUCT_MODULE_NAME).ComplicationController";
				INFOPLIST_KEY_NSHumanReadableCopyright = "";
				INFOPLIST_KEY_WKWatchOnly = YES;
				LD_RUNPATH_SEARCH_PATHS = (
					"$(inherited)",
					"@executable_path/Frameworks",
					"@executable_path/../../Frameworks",
				);
				MARKETING_VERSION = 1.0;
				PRODUCT_BUNDLE_IDENTIFIER = ca.nathansmith.WatchOSTest.watchkitapp.watchkitextension;
				PRODUCT_NAME = "${TARGET_NAME}";
				SDKROOT = watchos;
				SKIP_INSTALL = YES;
				SWIFT_EMIT_LOC_STRINGS = YES;
				SWIFT_VERSION = 5.0;
				TARGETED_DEVICE_FAMILY = 4;
				WATCHOS_DEPLOYMENT_TARGET = 8.5;
			};
			name = Debug;
		};
		4AFE0022282427F30006023B /* Release */ = {
			isa = XCBuildConfiguration;
			buildSettings = {
				ASSETCATALOG_COMPILER_COMPLICATION_NAME = Complication;
				CODE_SIGN_STYLE = Automatic;
				CURRENT_PROJECT_VERSION = 1;
				DEVELOPMENT_ASSET_PATHS = "\"WatchOSTest WatchKit Extension/Preview Content\"";
				DEVELOPMENT_TEAM = L8QA2F2KYK;
				ENABLE_PREVIEWS = YES;
				GENERATE_INFOPLIST_FILE = YES;
				INFOPLIST_FILE = "WatchOSTest WatchKit Extension/Info.plist";
				INFOPLIST_KEY_CFBundleDisplayName = "WatchOSTest WatchKit Extension";
				INFOPLIST_KEY_CLKComplicationPrincipalClass = "$(PRODUCT_MODULE_NAME).ComplicationController";
				INFOPLIST_KEY_NSHumanReadableCopyright = "";
				INFOPLIST_KEY_WKWatchOnly = YES;
				LD_RUNPATH_SEARCH_PATHS = (
					"$(inherited)",
					"@executable_path/Frameworks",
					"@executable_path/../../Frameworks",
				);
				MARKETING_VERSION = 1.0;
				PRODUCT_BUNDLE_IDENTIFIER = ca.nathansmith.WatchOSTest.watchkitapp.watchkitextension;
				PRODUCT_NAME = "${TARGET_NAME}";
				SDKROOT = watchos;
				SKIP_INSTALL = YES;
				SWIFT_EMIT_LOC_STRINGS = YES;
				SWIFT_VERSION = 5.0;
				TARGETED_DEVICE_FAMILY = 4;
				WATCHOS_DEPLOYMENT_TARGET = 8.5;
			};
			name = Release;
		};
		4AFE0025282427F30006023B /* Debug */ = {
			isa = XCBuildConfiguration;
			buildSettings = {
				ALWAYS_EMBED_SWIFT_STANDARD_LIBRARIES = YES;
				ASSETCATALOG_COMPILER_APPICON_NAME = AppIcon;
				ASSETCATALOG_COMPILER_GLOBAL_ACCENT_COLOR_NAME = AccentColor;
				CODE_SIGN_STYLE = Automatic;
				CURRENT_PROJECT_VERSION = 1;
				DEVELOPMENT_TEAM = L8QA2F2KYK;
				GENERATE_INFOPLIST_FILE = YES;
				IBSC_MODULE = WatchOSTest_WatchKit_Extension;
				INFOPLIST_KEY_CFBundleDisplayName = "WatchOSTest WatchKit App";
				INFOPLIST_KEY_UISupportedInterfaceOrientations = "UIInterfaceOrientationPortrait UIInterfaceOrientationPortraitUpsideDown";
				MARKETING_VERSION = 1.0;
				PRODUCT_BUNDLE_IDENTIFIER = ca.nathansmith.WatchOSTest.watchkitapp;
				PRODUCT_NAME = "$(TARGET_NAME)";
				SDKROOT = watchos;
				SKIP_INSTALL = YES;
				SWIFT_EMIT_LOC_STRINGS = YES;
				SWIFT_VERSION = 5.0;
				TARGETED_DEVICE_FAMILY = 4;
				WATCHOS_DEPLOYMENT_TARGET = 8.5;
			};
			name = Debug;
		};
		4AFE0026282427F30006023B /* Release */ = {
			isa = XCBuildConfiguration;
			buildSettings = {
				ALWAYS_EMBED_SWIFT_STANDARD_LIBRARIES = YES;
				ASSETCATALOG_COMPILER_APPICON_NAME = AppIcon;
				ASSETCATALOG_COMPILER_GLOBAL_ACCENT_COLOR_NAME = AccentColor;
				CODE_SIGN_STYLE = Automatic;
				CURRENT_PROJECT_VERSION = 1;
				DEVELOPMENT_TEAM = L8QA2F2KYK;
				GENERATE_INFOPLIST_FILE = YES;
				IBSC_MODULE = WatchOSTest_WatchKit_Extension;
				INFOPLIST_KEY_CFBundleDisplayName = "WatchOSTest WatchKit App";
				INFOPLIST_KEY_UISupportedInterfaceOrientations = "UIInterfaceOrientationPortrait UIInterfaceOrientationPortraitUpsideDown";
				MARKETING_VERSION = 1.0;
				PRODUCT_BUNDLE_IDENTIFIER = ca.nathansmith.WatchOSTest.watchkitapp;
				PRODUCT_NAME = "$(TARGET_NAME)";
				SDKROOT = watchos;
				SKIP_INSTALL = YES;
				SWIFT_EMIT_LOC_STRINGS = YES;
				SWIFT_VERSION = 5.0;
				TARGETED_DEVICE_FAMILY = 4;
				WATCHOS_DEPLOYMENT_TARGET = 8.5;
			};
			name = Release;
		};
		4AFE0029282427F30006023B /* Debug */ = {
			isa = XCBuildConfiguration;
			buildSettings = {
				CODE_SIGN_STYLE = Automatic;
				CURRENT_PROJECT_VERSION = 1;
				DEVELOPMENT_TEAM = L8QA2F2KYK;
				MARKETING_VERSION = 1.0;
				PRODUCT_BUNDLE_IDENTIFIER = ca.nathansmith.WatchOSTest;
				PRODUCT_NAME = "$(TARGET_NAME)";
				SWIFT_VERSION = 5.0;
			};
			name = Debug;
		};
		4AFE002A282427F30006023B /* Release */ = {
			isa = XCBuildConfiguration;
			buildSettings = {
				CODE_SIGN_STYLE = Automatic;
				CURRENT_PROJECT_VERSION = 1;
				DEVELOPMENT_TEAM = L8QA2F2KYK;
				MARKETING_VERSION = 1.0;
				PRODUCT_BUNDLE_IDENTIFIER = ca.nathansmith.WatchOSTest;
				PRODUCT_NAME = "$(TARGET_NAME)";
				SWIFT_VERSION = 5.0;
			};
			name = Release;
		};
/* End XCBuildConfiguration section */

/* Begin XCConfigurationList section */
		4AFE0020282427F30006023B /* Build configuration list for PBXNativeTarget "WatchOSTest WatchKit Extension" */ = {
			isa = XCConfigurationList;
			buildConfigurations = (
				4AFE0021282427F30006023B /* Debug */,
				4AFE0022282427F30006023B /* Release */,
			);
			defaultConfigurationIsVisible = 0;
			defaultConfigurationName = Release;
		};
		4AFE0024282427F30006023B /* Build configuration list for PBXNativeTarget "WatchOSTest WatchKit App" */ = {
			isa = XCConfigurationList;
			buildConfigurations = (
				4AFE0025282427F30006023B /* Debug */,
				4AFE0026282427F30006023B /* Release */,
			);
			defaultConfigurationIsVisible = 0;
			defaultConfigurationName = Release;
		};
		4AFE0028282427F30006023B /* Build configuration list for PBXNativeTarget "WatchOSTest" */ = {
			isa = XCConfigurationList;
			buildConfigurations = (
				4AFE0029282427F30006023B /* Debug */,
				4AFE002A282427F30006023B /* Release */,
			);
			defaultConfigurationIsVisible = 0;
			defaultConfigurationName = Release;
		};
		4AFEFFF6282427EE0006023B /* Build configuration list for PBXProject "WatchOSTest" */ = {
			isa = XCConfigurationList;
			buildConfigurations = (
				4AFE001E282427F30006023B /* Debug */,
				4AFE001F282427F30006023B /* Release */,
			);
			defaultConfigurationIsVisible = 0;
			defaultConfigurationName = Release;
		};
/* End XCConfigurationList section */
	};
	rootObject = 4AFEFFF3282427EE0006023B /* Project object */;
}
